
Microsoft Visual Studio Solution File, Format Version 12.00
# Visual Studio Version 16
VisualStudioVersion = 16.0.31025.194
MinimumVisualStudioVersion = 10.0.40219.1
Project("{9A19103F-16F7-4668-BE54-9A1E7A4F7556}") = "Elevator.Agent.Manager.Api", "ElevatorAgentManager\Elevator.Agent.Manager.Api.csproj", "{8E83CC0A-FC0D-4E93-9F45-8B8EEA0B2527}"
EndProject
Project("{FAE04EC0-301F-11D3-BF4B-00C04F79EFBC}") = "Elevator.Agent.Manager.Queue", "Elevator.Agent.Manager.Queue\Elevator.Agent.Manager.Queue.csproj", "{F89AE990-E12F-42CF-B28E-88AA54AA5C14}"
EndProject
Project("{FAE04EC0-301F-11D3-BF4B-00C04F79EFBC}") = "Elevator.Agent.Manager.Runner", "Elevator.Agent.Manager.Runner\Elevator.Agent.Manager.Runner.csproj", "{47EE7AAD-D097-458A-B13D-80AC0C9E1919}"
EndProject
Global
	GlobalSection(SolutionConfigurationPlatforms) = preSolution
		Debug|Any CPU = Debug|Any CPU
		Release|Any CPU = Release|Any CPU
	EndGlobalSection
	GlobalSection(ProjectConfigurationPlatforms) = postSolution
		{8E83CC0A-FC0D-4E93-9F45-8B8EEA0B2527}.Debug|Any CPU.ActiveCfg = Debug|Any CPU
		{8E83CC0A-FC0D-4E93-9F45-8B8EEA0B2527}.Debug|Any CPU.Build.0 = Debug|Any CPU
		{8E83CC0A-FC0D-4E93-9F45-8B8EEA0B2527}.Release|Any CPU.ActiveCfg = Release|Any CPU
		{8E83CC0A-FC0D-4E93-9F45-8B8EEA0B2527}.Release|Any CPU.Build.0 = Release|Any CPU
		{F89AE990-E12F-42CF-B28E-88AA54AA5C14}.Debug|Any CPU.ActiveCfg = Debug|Any CPU
		{F89AE990-E12F-42CF-B28E-88AA54AA5C14}.Debug|Any CPU.Build.0 = Debug|Any CPU
		{F89AE990-E12F-42CF-B28E-88AA54AA5C14}.Release|Any CPU.ActiveCfg = Release|Any CPU
		{F89AE990-E12F-42CF-B28E-88AA54AA5C14}.Release|Any CPU.Build.0 = Release|Any CPU
		{47EE7AAD-D097-458A-B13D-80AC0C9E1919}.Debug|Any CPU.ActiveCfg = Debug|Any CPU
		{47EE7AAD-D097-458A-B13D-80AC0C9E1919}.Debug|Any CPU.Build.0 = Debug|Any CPU
		{47EE7AAD-D097-458A-B13D-80AC0C9E1919}.Release|Any CPU.ActiveCfg = Release|Any CPU
		{47EE7AAD-D097-458A-B13D-80AC0C9E1919}.Release|Any CPU.Build.0 = Release|Any CPU
	EndGlobalSection
	GlobalSection(SolutionProperties) = preSolution
		HideSolutionNode = FALSE
	EndGlobalSection
	GlobalSection(ExtensibilityGlobals) = postSolution
		SolutionGuid = {3F296358-329D-4414-8016-94ECA1513A7A}
	EndGlobalSection
EndGlobal
